
Microsoft Visual Studio Solution File, Format Version 12.00
# Visual Studio Version 16
VisualStudioVersion = 16.0.29324.140
MinimumVisualStudioVersion = 15.0.26124.0
Project("{9A19103F-16F7-4668-BE54-9A1E7A4F7556}") = "Financier.Core", "Financier.Core\Financier.Core.csproj", "{8A0D8499-AA46-4330-8B7F-056DF0008F10}"
EndProject
Project("{9A19103F-16F7-4668-BE54-9A1E7A4F7556}") = "Financier.CLI", "Financier.CLI\Financier.CLI.csproj", "{D2CC1964-008A-4815-8EB6-DD17626E3C70}"
	ProjectSection(ProjectDependencies) = postProject
		{8A0D8499-AA46-4330-8B7F-056DF0008F10} = {8A0D8499-AA46-4330-8B7F-056DF0008F10}
	EndProjectSection
EndProject
Project("{FAE04EC0-301F-11D3-BF4B-00C04F79EFBC}") = "Financier.Desktop.Tests", "Financier.Desktop.Tests\Financier.Desktop.Tests.csproj", "{0FA20B4F-94A2-4CF1-A313-60DA7C09A576}"
EndProject
Project("{9A19103F-16F7-4668-BE54-9A1E7A4F7556}") = "Financier.UnitTesting.Core", "Financier.UnitTesting.Core\Financier.UnitTesting.Core.csproj", "{60FF2503-1FA6-4A63-AB71-7FCA6DFC2CD1}"
EndProject
Project("{9A19103F-16F7-4668-BE54-9A1E7A4F7556}") = "Financier.Core.Tests", "Financier.Core.Tests\Financier.Core.Tests.csproj", "{6F238BE8-7EC3-4305-A9E3-30B80A2ABC09}"
EndProject
Project("{2150E333-8FDC-42A3-9474-1A3956D46DE8}") = "ContinuousDelivery", "ContinuousDelivery", "{8CB54ABF-774B-4D8F-B8B4-205D37A86C17}"
	ProjectSection(SolutionItems) = preProject
		Jenkinsfile = Jenkinsfile
	EndProjectSection
EndProject
Project("{9A19103F-16F7-4668-BE54-9A1E7A4F7556}") = "Financier.Web", "Financier.Web\Financier.Web.csproj", "{F4816777-782C-497F-B0B2-A0B377F1B50B}"
EndProject
Project("{9A19103F-16F7-4668-BE54-9A1E7A4F7556}") = "Financier.Desktop", "Financier.Desktop\Financier.Desktop.csproj", "{CEF239C6-31C1-4929-A7C7-093875ABF6EE}"
EndProject
Global
	GlobalSection(SolutionConfigurationPlatforms) = preSolution
		Debug|Any CPU = Debug|Any CPU
		Release|Any CPU = Release|Any CPU
	EndGlobalSection
	GlobalSection(ProjectConfigurationPlatforms) = postSolution
		{8A0D8499-AA46-4330-8B7F-056DF0008F10}.Debug|Any CPU.ActiveCfg = Debug|Any CPU
		{8A0D8499-AA46-4330-8B7F-056DF0008F10}.Debug|Any CPU.Build.0 = Debug|Any CPU
		{8A0D8499-AA46-4330-8B7F-056DF0008F10}.Release|Any CPU.ActiveCfg = Release|Any CPU
		{8A0D8499-AA46-4330-8B7F-056DF0008F10}.Release|Any CPU.Build.0 = Release|Any CPU
		{D2CC1964-008A-4815-8EB6-DD17626E3C70}.Debug|Any CPU.ActiveCfg = Debug|Any CPU
		{D2CC1964-008A-4815-8EB6-DD17626E3C70}.Debug|Any CPU.Build.0 = Debug|Any CPU
		{D2CC1964-008A-4815-8EB6-DD17626E3C70}.Release|Any CPU.ActiveCfg = Release|Any CPU
		{D2CC1964-008A-4815-8EB6-DD17626E3C70}.Release|Any CPU.Build.0 = Release|Any CPU
		{0FA20B4F-94A2-4CF1-A313-60DA7C09A576}.Debug|Any CPU.ActiveCfg = Debug|Any CPU
		{0FA20B4F-94A2-4CF1-A313-60DA7C09A576}.Debug|Any CPU.Build.0 = Debug|Any CPU
		{0FA20B4F-94A2-4CF1-A313-60DA7C09A576}.Release|Any CPU.ActiveCfg = Release|Any CPU
		{0FA20B4F-94A2-4CF1-A313-60DA7C09A576}.Release|Any CPU.Build.0 = Release|Any CPU
		{60FF2503-1FA6-4A63-AB71-7FCA6DFC2CD1}.Debug|Any CPU.ActiveCfg = Debug|Any CPU
		{60FF2503-1FA6-4A63-AB71-7FCA6DFC2CD1}.Debug|Any CPU.Build.0 = Debug|Any CPU
		{60FF2503-1FA6-4A63-AB71-7FCA6DFC2CD1}.Release|Any CPU.ActiveCfg = Release|Any CPU
		{60FF2503-1FA6-4A63-AB71-7FCA6DFC2CD1}.Release|Any CPU.Build.0 = Release|Any CPU
		{6F238BE8-7EC3-4305-A9E3-30B80A2ABC09}.Debug|Any CPU.ActiveCfg = Debug|Any CPU
		{6F238BE8-7EC3-4305-A9E3-30B80A2ABC09}.Debug|Any CPU.Build.0 = Debug|Any CPU
		{6F238BE8-7EC3-4305-A9E3-30B80A2ABC09}.Release|Any CPU.ActiveCfg = Release|Any CPU
		{6F238BE8-7EC3-4305-A9E3-30B80A2ABC09}.Release|Any CPU.Build.0 = Release|Any CPU
		{F4816777-782C-497F-B0B2-A0B377F1B50B}.Debug|Any CPU.ActiveCfg = Debug|Any CPU
		{F4816777-782C-497F-B0B2-A0B377F1B50B}.Debug|Any CPU.Build.0 = Debug|Any CPU
		{F4816777-782C-497F-B0B2-A0B377F1B50B}.Release|Any CPU.ActiveCfg = Release|Any CPU
		{F4816777-782C-497F-B0B2-A0B377F1B50B}.Release|Any CPU.Build.0 = Release|Any CPU
		{CEF239C6-31C1-4929-A7C7-093875ABF6EE}.Debug|Any CPU.ActiveCfg = Debug|Any CPU
		{CEF239C6-31C1-4929-A7C7-093875ABF6EE}.Debug|Any CPU.Build.0 = Debug|Any CPU
		{CEF239C6-31C1-4929-A7C7-093875ABF6EE}.Release|Any CPU.ActiveCfg = Release|Any CPU
		{CEF239C6-31C1-4929-A7C7-093875ABF6EE}.Release|Any CPU.Build.0 = Release|Any CPU
	EndGlobalSection
	GlobalSection(SolutionProperties) = preSolution
		HideSolutionNode = FALSE
	EndGlobalSection
	GlobalSection(ExtensibilityGlobals) = postSolution
		SolutionGuid = {3FBAA3C7-118D-4ADA-9782-EBC16F6C63A8}
	EndGlobalSection
EndGlobal
