{
  "requires": true,
  "lockfileVersion": 1,
  "dependencies": {
    "serialize-javascript": {
      "version": "2.1.1",
      "resolved": "https://registry.npmjs.org/serialize-javascript/-/serialize-javascript-2.1.1.tgz",
      "integrity": "sha512-MPLPRpD4FNqWq9tTIjYG5LesFouDhdyH0EPY3gVK4DRD5+g4aDqdNSzLIwceulo3Yj+PL1bPh6laE5+H6LTcrQ=="
    }
  }
}
